golang.org/x/image v0.4.0 h1:+XZhEfd8gFtGtWUaAJM+eRv/9inmGU9lc/C/LObEEIQ=
golang.org/x/image v0.4.0/go.mod h1:FftLjUGFEDu5k8lt0ddY+HcrH/qU/0qk+H8j9/nTl3E=
golang.org/x/text v0.6.0 h1:3XmdazWV+ubf7QgHSTWeykHOci5oeekaGJBLkrkaw4k=
golang.org/x/text v0.6.0/go.mod h1:mrYo+phRRbMaCq/xk9113O4dZlRixOauAjOtrjsXDZ8=
